
Microsoft Visual Studio Solution File, Format Version 12.00
# Visual Studio 15
VisualStudioVersion = 15.0.27130.2027
MinimumVisualStudioVersion = 10.0.40219.1
Project("{FAE04EC0-301F-11D3-BF4B-00C04F79EFBC}") = "FindNumber", "FindNumber\FindNumber.csproj", "{3269BBDF-0123-4CAA-86CE-0B232C10A68B}"
EndProject
Project("{FAE04EC0-301F-11D3-BF4B-00C04F79EFBC}") = "ArraySorting", "ArraySorting\ArraySorting.csproj", "{7C7E9060-25B5-4438-A6CF-1D6D15F219E4}"
EndProject
Project("{FAE04EC0-301F-11D3-BF4B-00C04F79EFBC}") = "FindNumberTests", "FindNextBiggerTests\FindNumberTests.csproj", "{C5467598-EF38-460D-B5CE-23E255EA2FB1}"
EndProject
Global
	GlobalSection(SolutionConfigurationPlatforms) = preSolution
		Debug|Any CPU = Debug|Any CPU
		Release|Any CPU = Release|Any CPU
	EndGlobalSection
	GlobalSection(ProjectConfigurationPlatforms) = postSolution
		{3269BBDF-0123-4CAA-86CE-0B232C10A68B}.Debug|Any CPU.ActiveCfg = Debug|Any CPU
		{3269BBDF-0123-4CAA-86CE-0B232C10A68B}.Debug|Any CPU.Build.0 = Debug|Any CPU
		{3269BBDF-0123-4CAA-86CE-0B232C10A68B}.Release|Any CPU.ActiveCfg = Release|Any CPU
		{3269BBDF-0123-4CAA-86CE-0B232C10A68B}.Release|Any CPU.Build.0 = Release|Any CPU
		{7C7E9060-25B5-4438-A6CF-1D6D15F219E4}.Debug|Any CPU.ActiveCfg = Debug|Any CPU
		{7C7E9060-25B5-4438-A6CF-1D6D15F219E4}.Debug|Any CPU.Build.0 = Debug|Any CPU
		{7C7E9060-25B5-4438-A6CF-1D6D15F219E4}.Release|Any CPU.ActiveCfg = Release|Any CPU
		{7C7E9060-25B5-4438-A6CF-1D6D15F219E4}.Release|Any CPU.Build.0 = Release|Any CPU
		{C5467598-EF38-460D-B5CE-23E255EA2FB1}.Debug|Any CPU.ActiveCfg = Debug|Any CPU
		{C5467598-EF38-460D-B5CE-23E255EA2FB1}.Debug|Any CPU.Build.0 = Debug|Any CPU
		{C5467598-EF38-460D-B5CE-23E255EA2FB1}.Release|Any CPU.ActiveCfg = Release|Any CPU
		{C5467598-EF38-460D-B5CE-23E255EA2FB1}.Release|Any CPU.Build.0 = Release|Any CPU
	EndGlobalSection
	GlobalSection(SolutionProperties) = preSolution
		HideSolutionNode = FALSE
	EndGlobalSection
	GlobalSection(ExtensibilityGlobals) = postSolution
		SolutionGuid = {F1CF0452-45A4-4D94-9809-EBFAD677E188}
	EndGlobalSection
EndGlobal
