
Microsoft Visual Studio Solution File, Format Version 12.00
# Visual Studio 15
VisualStudioVersion = 15.0.27130.2027
MinimumVisualStudioVersion = 10.0.40219.1
Project("{FAE04EC0-301F-11D3-BF4B-00C04F79EFBC}") = "ArraySorting", "ArraySorting\ArraySorting.csproj", "{57F80A2B-01DE-4161-909C-91FA5B4EE03F}"
EndProject
Project("{FAE04EC0-301F-11D3-BF4B-00C04F79EFBC}") = "ArraySortingTest", "ArraySortingTest\ArraySortingTest.csproj", "{F5DB45E5-F8FB-49C6-8749-A3AA78420F74}"
EndProject
Global
	GlobalSection(SolutionConfigurationPlatforms) = preSolution
		Debug|Any CPU = Debug|Any CPU
		Release|Any CPU = Release|Any CPU
	EndGlobalSection
	GlobalSection(ProjectConfigurationPlatforms) = postSolution
		{57F80A2B-01DE-4161-909C-91FA5B4EE03F}.Debug|Any CPU.ActiveCfg = Debug|Any CPU
		{57F80A2B-01DE-4161-909C-91FA5B4EE03F}.Debug|Any CPU.Build.0 = Debug|Any CPU
		{57F80A2B-01DE-4161-909C-91FA5B4EE03F}.Release|Any CPU.ActiveCfg = Release|Any CPU
		{57F80A2B-01DE-4161-909C-91FA5B4EE03F}.Release|Any CPU.Build.0 = Release|Any CPU
		{F5DB45E5-F8FB-49C6-8749-A3AA78420F74}.Debug|Any CPU.ActiveCfg = Debug|Any CPU
		{F5DB45E5-F8FB-49C6-8749-A3AA78420F74}.Debug|Any CPU.Build.0 = Debug|Any CPU
		{F5DB45E5-F8FB-49C6-8749-A3AA78420F74}.Release|Any CPU.ActiveCfg = Release|Any CPU
		{F5DB45E5-F8FB-49C6-8749-A3AA78420F74}.Release|Any CPU.Build.0 = Release|Any CPU
	EndGlobalSection
	GlobalSection(SolutionProperties) = preSolution
		HideSolutionNode = FALSE
	EndGlobalSection
	GlobalSection(ExtensibilityGlobals) = postSolution
		SolutionGuid = {F1A94E10-FE13-4EA0-B034-A5E2BD30815F}
	EndGlobalSection
EndGlobal
