
Microsoft Visual Studio Solution File, Format Version 12.00
# Visual Studio 15
VisualStudioVersion = 15.0.27130.2027
MinimumVisualStudioVersion = 10.0.40219.1
Project("{FAE04EC0-301F-11D3-BF4B-00C04F79EFBC}") = "FindingNRoot", "FindingNRoot\FindingNRoot.csproj", "{1B658724-98A4-4B50-B88E-1BD56B068E0E}"
EndProject
Project("{FAE04EC0-301F-11D3-BF4B-00C04F79EFBC}") = "NunitNRootTests", "NunitNRootTests\NunitNRootTests.csproj", "{6928832D-B3A9-42F6-B65B-64BEC4645614}"
EndProject
Global
	GlobalSection(SolutionConfigurationPlatforms) = preSolution
		Debug|Any CPU = Debug|Any CPU
		Release|Any CPU = Release|Any CPU
	EndGlobalSection
	GlobalSection(ProjectConfigurationPlatforms) = postSolution
		{1B658724-98A4-4B50-B88E-1BD56B068E0E}.Debug|Any CPU.ActiveCfg = Debug|Any CPU
		{1B658724-98A4-4B50-B88E-1BD56B068E0E}.Debug|Any CPU.Build.0 = Debug|Any CPU
		{1B658724-98A4-4B50-B88E-1BD56B068E0E}.Release|Any CPU.ActiveCfg = Release|Any CPU
		{1B658724-98A4-4B50-B88E-1BD56B068E0E}.Release|Any CPU.Build.0 = Release|Any CPU
		{6928832D-B3A9-42F6-B65B-64BEC4645614}.Debug|Any CPU.ActiveCfg = Debug|Any CPU
		{6928832D-B3A9-42F6-B65B-64BEC4645614}.Debug|Any CPU.Build.0 = Debug|Any CPU
		{6928832D-B3A9-42F6-B65B-64BEC4645614}.Release|Any CPU.ActiveCfg = Release|Any CPU
		{6928832D-B3A9-42F6-B65B-64BEC4645614}.Release|Any CPU.Build.0 = Release|Any CPU
	EndGlobalSection
	GlobalSection(SolutionProperties) = preSolution
		HideSolutionNode = FALSE
	EndGlobalSection
	GlobalSection(ExtensibilityGlobals) = postSolution
		SolutionGuid = {D1D62653-D34E-49DE-B27B-629613218FD8}
	EndGlobalSection
EndGlobal
